
Microsoft Visual Studio Solution File, Format Version 12.00
# Visual Studio Version 17
VisualStudioVersion = 17.1.32407.343
MinimumVisualStudioVersion = 10.0.40219.1
Project("{FAE04EC0-301F-11D3-BF4B-00C04F79EFBC}") = "MFAInventorySystem", "MFAInventorySystem.csproj", "{F3814530-9F5A-4704-B083-E6946B9BFACF}"
EndProject
Global
	GlobalSection(SolutionConfigurationPlatforms) = preSolution
		Debug|Any CPU = Debug|Any CPU
		Release|Any CPU = Release|Any CPU
	EndGlobalSection
	GlobalSection(ProjectConfigurationPlatforms) = postSolution
		{F3814530-9F5A-4704-B083-E6946B9BFACF}.Debug|Any CPU.ActiveCfg = Debug|Any CPU
		{F3814530-9F5A-4704-B083-E6946B9BFACF}.Debug|Any CPU.Build.0 = Debug|Any CPU
		{F3814530-9F5A-4704-B083-E6946B9BFACF}.Release|Any CPU.ActiveCfg = Release|Any CPU
		{F3814530-9F5A-4704-B083-E6946B9BFACF}.Release|Any CPU.Build.0 = Release|Any CPU
	EndGlobalSection
	GlobalSection(SolutionProperties) = preSolution
		HideSolutionNode = FALSE
	EndGlobalSection
	GlobalSection(ExtensibilityGlobals) = postSolution
		SolutionGuid = {C816A33C-3ACD-4348-AC9B-B1DE7514B6D2}
	EndGlobalSection
EndGlobal
